schema: '2.0'
stages:
  prepare-auto-mpg:
    cmd: uv run observatory prepare-dataset datasets/auto-mpg/raw/auto-mpg.data 
      datasets/auto-mpg/processed/weight-mpg.csv
    deps:
    - path: datasets/auto-mpg/raw/auto-mpg.data
      hash: md5
      md5: b858f4580d0066c48e260dd3b96f1ed8
      size: 30286
    - path: src/observatory/datasets/tabular/auto_mpg.py
      hash: md5
      md5: d8fb85e45c9e7b8129d32e77a633f32d
      size: 15180
    outs:
    - path: datasets/auto-mpg/processed/weight-mpg.csv
      hash: md5
      md5: 7b28ce51dc0e5bfc5be3c51b28a502cc
      size: 16456
  prepare-wdbc:
    cmd: uv run --locked observatory prepare-wdbc 
      datasets/breast-cancer/versions/1.0.0.yaml 
      datasets/breast-cancer/processed
    deps:
    - path: datasets/breast-cancer/raw/wdbc.data
      hash: md5
      md5: c6dd5a2909808f3a901cf00cfd8dfff0
      size: 124103
    - path: datasets/breast-cancer/raw/wdbc.names
      hash: md5
      md5: 35cdd3b2956b5704b4e49f0014ad2f5e
      size: 4708
    - path: datasets/breast-cancer/versions/1.0.0.yaml
      hash: md5
      md5: dc43f51d26aa0f21a495101f5853f288
      size: 1637
    - path: pyproject.toml
      hash: md5
      md5: 2678663a013afd9c7d14bd4caec02bd3
      size: 1962
    - path: src/observatory/cli.py
      hash: md5
      md5: 0ba0a4d8297902a22cf46dc6594400ab
      size: 27379
    - path: src/observatory/datasets/tabular/breast_cancer.py
      hash: md5
      md5: 690dea018295f3c5eaeb761da004b1d9
      size: 9807
    - path: uv.lock
      hash: md5
      md5: 1690dab18a08ca9154684a0a4c92d837
      size: 286284
    outs:
    - path: datasets/breast-cancer/processed
      hash: md5
      md5: 0cd3c249b99de6dd9fc8f2e06855f23b.dir
      size: 297557
      nfiles: 2
